# THIS IS AN AUTOGENERATED FILE. DO NOT EDIT THIS FILE DIRECTLY.
# yarn lockfile v1


js-base64@^3.6.1:
  version "3.6.1"
  resolved "https://registry.yarnpkg.com/js-base64/-/js-base64-3.6.1.tgz#555aae398b74694b4037af1f8a5a6209d170efbe"
  integrity sha512-Frdq2+tRRGLQUIQOgsIGSCd1VePCS2fsddTG5dTCqR0JHgltXWfsxnY0gIXPoMeRmdom6Oyq+UMOFg5suduOjQ==
